{
    "requires": true,
    "lockfileVersion": 1,
    "dependencies": {
        "sweetalert": {
            "version": "2.0.5",
            "resolved": "https://registry.npmjs.org/sweetalert/-/sweetalert-2.0.5.tgz",
            "integrity": "sha1-4z/PW0B/uni3icu0r7XOjbZEZCs="
        },
        "sweetalert2": {
            "version": "6.10.2",
            "resolved": "https://registry.npmjs.org/sweetalert2/-/sweetalert2-6.10.2.tgz",
            "integrity": "sha512-mhAtL136PtNYEKOkak99DfO8nAKz2FBH9TKY0vvd3ZopWvb9VNcJWzB3/4yZ/opIRigba6zYGHe2pejnh1ixUw=="
        }
    }
}
